// !$*UTF8*$!
{
	archiveVersion = 1;
	classes = {
	};
	objectVersion = 50;
	objects = {

/* Begin PBXBuildFile section */
		BD0A0C7B26BA70C600F4EB64 /* main.swift in Sources */ = {isa = PBXBuildFile; fileRef = BD0A0C7A26BA70C600F4EB64 /* main.swift */; };
		BD0A0C8226BA70F000F4EB64 /* 2021.07.19.swift in Sources */ = {isa = PBXBuildFile; fileRef = BD0A0C8126BA70F000F4EB64 /* 2021.07.19.swift */; };
		BD0A0C8426BA710B00F4EB64 /* 2021.07.21.swift in Sources */ = {isa = PBXBuildFile; fileRef = BD0A0C8326BA710B00F4EB64 /* 2021.07.21.swift */; };
		BD0A0C8626BA714300F4EB64 /* 2021.07.22.swift in Sources */ = {isa = PBXBuildFile; fileRef = BD0A0C8526BA714300F4EB64 /* 2021.07.22.swift */; };
		BD0A0C8826BA716000F4EB64 /* 2021.07.26.swift in Sources */ = {isa = PBXBuildFile; fileRef = BD0A0C8726BA716000F4EB64 /* 2021.07.26.swift */; };
		BD0A0C8A26BA717400F4EB64 /* 2021.07.28.swift in Sources */ = {isa = PBXBuildFile; fileRef = BD0A0C8926BA717400F4EB64 /* 2021.07.28.swift */; };
		BD0A0C8C26BA717E00F4EB64 /* 2021.07.29.swift in Sources */ = {isa = PBXBuildFile; fileRef = BD0A0C8B26BA717E00F4EB64 /* 2021.07.29.swift */; };
		BD0A0C8E26BA718A00F4EB64 /* 2021.08.02.swift in Sources */ = {isa = PBXBuildFile; fileRef = BD0A0C8D26BA718A00F4EB64 /* 2021.08.02.swift */; };
		BD0A0C9026BA743300F4EB64 /* 2021.08.04.swift in Sources */ = {isa = PBXBuildFile; fileRef = BD0A0C8F26BA743300F4EB64 /* 2021.08.04.swift */; };
		BD0A0C9226BBA4F500F4EB64 /* 2021.08.05.swift in Sources */ = {isa = PBXBuildFile; fileRef = BD0A0C9126BBA4F500F4EB64 /* 2021.08.05.swift */; };
		BD20DDA426CB85C6003C6CDE /* 2021.08.17.swift in Sources */ = {isa = PBXBuildFile; fileRef = BD20DDA326CB85C6003C6CDE /* 2021.08.17.swift */; };
		BD20DDA626CD207D003C6CDE /* 2021.08.18.swift in Sources */ = {isa = PBXBuildFile; fileRef = BD20DDA526CD207D003C6CDE /* 2021.08.18.swift */; };
		BD20DDA826CE2985003C6CDE /* 2021.08.19.swift in Sources */ = {isa = PBXBuildFile; fileRef = BD20DDA726CE2985003C6CDE /* 2021.08.19.swift */; };
		BD23908A26C02C30005508DA /* 2021.08.09.swift in Sources */ = {isa = PBXBuildFile; fileRef = BD23908926C02C30005508DA /* 2021.08.09.swift */; };
		BD3DD43E26FF1208007D9D94 /* 2839.설탕 배달.swift in Sources */ = {isa = PBXBuildFile; fileRef = BD3DD43D26FF1208007D9D94 /* 2839.설탕 배달.swift */; };
		BD3DD44026FF2B59007D9D94 /* 11399.ATM.swift in Sources */ = {isa = PBXBuildFile; fileRef = BD3DD43F26FF2B59007D9D94 /* 11399.ATM.swift */; };
		BD3DD44226FF302D007D9D94 /* 11047.동전 0.swift in Sources */ = {isa = PBXBuildFile; fileRef = BD3DD44126FF302D007D9D94 /* 11047.동전 0.swift */; };
		BD3DD444270043A0007D9D94 /* 5585.거스름돈.swift in Sources */ = {isa = PBXBuildFile; fileRef = BD3DD443270043A0007D9D94 /* 5585.거스름돈.swift */; };
		BD3DD44627004531007D9D94 /* 10162.전자레인지.swift in Sources */ = {isa = PBXBuildFile; fileRef = BD3DD44527004531007D9D94 /* 10162.전자레인지.swift */; };
		BD3DD44827004A9D007D9D94 /* 1439.뒤집기.swift in Sources */ = {isa = PBXBuildFile; fileRef = BD3DD44727004A9D007D9D94 /* 1439.뒤집기.swift */; };
		BD3DD44A27004ED4007D9D94 /* 2720.세탁소 사장 동혁.swift in Sources */ = {isa = PBXBuildFile; fileRef = BD3DD44927004ED4007D9D94 /* 2720.세탁소 사장 동혁.swift */; };
		BD3DD44C27017B36007D9D94 /* 9237.이장님초대.swift in Sources */ = {isa = PBXBuildFile; fileRef = BD3DD44B27017B36007D9D94 /* 9237.이장님초대.swift */; };
		BD4EBCB126C4A5EA006D32D8 /* 2021.08.12.swift in Sources */ = {isa = PBXBuildFile; fileRef = BD4EBCB026C4A5EA006D32D8 /* 2021.08.12.swift */; };
		BD4EBCB326C61A63006D32D8 /* 2021.08.13.swift in Sources */ = {isa = PBXBuildFile; fileRef = BD4EBCB226C61A63006D32D8 /* 2021.08.13.swift */; };
		BD5BDE8E273B94E7005D06E6 /* 위장.swift in Sources */ = {isa = PBXBuildFile; fileRef = BD5BDE8D273B94E7005D06E6 /* 위장.swift */; };
		BD5BDE90273BA4DA005D06E6 /* 기능개발.swift in Sources */ = {isa = PBXBuildFile; fileRef = BD5BDE8F273BA4DA005D06E6 /* 기능개발.swift */; };
		BD5BDE92273BB17E005D06E6 /* 9012.괄호.swift in Sources */ = {isa = PBXBuildFile; fileRef = BD5BDE91273BB17E005D06E6 /* 9012.괄호.swift */; };
		BD5BDE94273BBD70005D06E6 /* 1874.스택 수열.swift in Sources */ = {isa = PBXBuildFile; fileRef = BD5BDE93273BBD70005D06E6 /* 1874.스택 수열.swift */; };
		BD5BDE96273E5015005D06E6 /* 프린터.swift in Sources */ = {isa = PBXBuildFile; fileRef = BD5BDE95273E5015005D06E6 /* 프린터.swift */; };
		BD5BDE98273FE684005D06E6 /* 다리를 지나는 트럭.swift in Sources */ = {isa = PBXBuildFile; fileRef = BD5BDE97273FE684005D06E6 /* 다리를 지나는 트럭.swift */; };
		BD5BDE9A27400BA5005D06E6 /* 1406. 에디터.swift in Sources */ = {isa = PBXBuildFile; fileRef = BD5BDE9927400BA5005D06E6 /* 1406. 에디터.swift */; };
		BD5E55C926DF48A70013659F /* 2021.09.01.swift in Sources */ = {isa = PBXBuildFile; fileRef = BD5E55C826DF48A70013659F /* 2021.09.01.swift */; };
		BD5E55CD26E0E8DF0013659F /* 2021.09.02.swift in Sources */ = {isa = PBXBuildFile; fileRef = BD5E55CC26E0E8DF0013659F /* 2021.09.02.swift */; };
		BD64FBD327391C1F008233BD /* 9093.단어뒤집기.swift in Sources */ = {isa = PBXBuildFile; fileRef = BD64FBD227391C1F008233BD /* 9093.단어뒤집기.swift */; };
		BD90E0D526C3FAA8004A5A8A /* 2021.08.10.swift in Sources */ = {isa = PBXBuildFile; fileRef = BD90E0D426C3FAA8004A5A8A /* 2021.08.10.swift */; };
		BD9213252738B5F1008A55CA /* 로또의 최고 순위와 최저 순위.swift in Sources */ = {isa = PBXBuildFile; fileRef = BD9213242738B5F1008A55CA /* 로또의 최고 순위와 최저 순위.swift */; };
		BD92132727390897008A55CA /* 10828.스택.swift in Sources */ = {isa = PBXBuildFile; fileRef = BD92132627390897008A55CA /* 10828.스택.swift */; };
		BDC2EB6226DA2D5F00FE2B8B /* 2021.08.28.swift in Sources */ = {isa = PBXBuildFile; fileRef = BDC2EB6126DA2D5F00FE2B8B /* 2021.08.28.swift */; };
		BDC2EB6426DB570C00FE2B8B /* 2021.08.29.swift in Sources */ = {isa = PBXBuildFile; fileRef = BDC2EB6326DB570C00FE2B8B /* 2021.08.29.swift */; };
		BDDEB6F026D3A4CC00257186 /* 2021.08.23.swift in Sources */ = {isa = PBXBuildFile; fileRef = BDDEB6EF26D3A4CC00257186 /* 2021.08.23.swift */; };
		BDDEB6F226D4C9C500257186 /* 2021.08.24.swift in Sources */ = {isa = PBXBuildFile; fileRef = BDDEB6F126D4C9C500257186 /* 2021.08.24.swift */; };
		BDDEB6F426D619C900257186 /* 2021.08.25.swift in Sources */ = {isa = PBXBuildFile; fileRef = BDDEB6F326D619C900257186 /* 2021.08.25.swift */; };
		BDE80C2326C28E89006ADCCB /* 2021.08.11.swift in Sources */ = {isa = PBXBuildFile; fileRef = BDE80C2226C28E89006ADCCB /* 2021.08.11.swift */; };
		BDF6D3902727D711004D9DF7 /* 2021.10.26.swift in Sources */ = {isa = PBXBuildFile; fileRef = BDF6D38F2727D711004D9DF7 /* 2021.10.26.swift */; };
		BDF7E7D026D7663200484716 /* 2021.08.26.swift in Sources */ = {isa = PBXBuildFile; fileRef = BDF7E7CF26D7663200484716 /* 2021.08.26.swift */; };
/* End PBXBuildFile section */

/* Begin PBXCopyFilesBuildPhase section */
		BD0A0C7526BA70C600F4EB64 /* CopyFiles */ = {
			isa = PBXCopyFilesBuildPhase;
			buildActionMask = 2147483647;
			dstPath = /usr/share/man/man1/;
			dstSubfolderSpec = 0;
			files = (
			);
			runOnlyForDeploymentPostprocessing = 1;
		};
/* End PBXCopyFilesBuildPhase section */

/* Begin PBXFileReference section */
		BD0A0C7726BA70C600F4EB64 /* Algorithm */ = {isa = PBXFileReference; explicitFileType = "compiled.mach-o.executable"; includeInIndex = 0; path = Algorithm; sourceTree = BUILT_PRODUCTS_DIR; };
		BD0A0C7A26BA70C600F4EB64 /* main.swift */ = {isa = PBXFileReference; lastKnownFileType = sourcecode.swift; path = main.swift; sourceTree = "<group>"; };
		BD0A0C8126BA70F000F4EB64 /* 2021.07.19.swift */ = {isa = PBXFileReference; lastKnownFileType = sourcecode.swift; path = 2021.07.19.swift; sourceTree = "<group>"; };
		BD0A0C8326BA710B00F4EB64 /* 2021.07.21.swift */ = {isa = PBXFileReference; lastKnownFileType = sourcecode.swift; path = 2021.07.21.swift; sourceTree = "<group>"; };
		BD0A0C8526BA714300F4EB64 /* 2021.07.22.swift */ = {isa = PBXFileReference; lastKnownFileType = sourcecode.swift; path = 2021.07.22.swift; sourceTree = "<group>"; };
		BD0A0C8726BA716000F4EB64 /* 2021.07.26.swift */ = {isa = PBXFileReference; lastKnownFileType = sourcecode.swift; path = 2021.07.26.swift; sourceTree = "<group>"; };
		BD0A0C8926BA717400F4EB64 /* 2021.07.28.swift */ = {isa = PBXFileReference; lastKnownFileType = sourcecode.swift; path = 2021.07.28.swift; sourceTree = "<group>"; };
		BD0A0C8B26BA717E00F4EB64 /* 2021.07.29.swift */ = {isa = PBXFileReference; lastKnownFileType = sourcecode.swift; path = 2021.07.29.swift; sourceTree = "<group>"; };
		BD0A0C8D26BA718A00F4EB64 /* 2021.08.02.swift */ = {isa = PBXFileReference; lastKnownFileType = sourcecode.swift; path = 2021.08.02.swift; sourceTree = "<group>"; };
		BD0A0C8F26BA743300F4EB64 /* 2021.08.04.swift */ = {isa = PBXFileReference; lastKnownFileType = sourcecode.swift; path = 2021.08.04.swift; sourceTree = "<group>"; };
		BD0A0C9126BBA4F500F4EB64 /* 2021.08.05.swift */ = {isa = PBXFileReference; lastKnownFileType = sourcecode.swift; path = 2021.08.05.swift; sourceTree = "<group>"; };
		BD20DDA326CB85C6003C6CDE /* 2021.08.17.swift */ = {isa = PBXFileReference; lastKnownFileType = sourcecode.swift; path = 2021.08.17.swift; sourceTree = "<group>"; };
		BD20DDA526CD207D003C6CDE /* 2021.08.18.swift */ = {isa = PBXFileReference; lastKnownFileType = sourcecode.swift; path = 2021.08.18.swift; sourceTree = "<group>"; };
		BD20DDA726CE2985003C6CDE /* 2021.08.19.swift */ = {isa = PBXFileReference; lastKnownFileType = sourcecode.swift; path = 2021.08.19.swift; sourceTree = "<group>"; };
		BD23908926C02C30005508DA /* 2021.08.09.swift */ = {isa = PBXFileReference; lastKnownFileType = sourcecode.swift; path = 2021.08.09.swift; sourceTree = "<group>"; };
		BD3DD43D26FF1208007D9D94 /* 2839.설탕 배달.swift */ = {isa = PBXFileReference; lastKnownFileType = sourcecode.swift; path = "2839.설탕 배달.swift"; sourceTree = "<group>"; };
		BD3DD43F26FF2B59007D9D94 /* 11399.ATM.swift */ = {isa = PBXFileReference; lastKnownFileType = sourcecode.swift; path = 11399.ATM.swift; sourceTree = "<group>"; };
		BD3DD44126FF302D007D9D94 /* 11047.동전 0.swift */ = {isa = PBXFileReference; lastKnownFileType = sourcecode.swift; path = "11047.동전 0.swift"; sourceTree = "<group>"; };
		BD3DD443270043A0007D9D94 /* 5585.거스름돈.swift */ = {isa = PBXFileReference; lastKnownFileType = sourcecode.swift; path = "5585.거스름돈.swift"; sourceTree = "<group>"; };
		BD3DD44527004531007D9D94 /* 10162.전자레인지.swift */ = {isa = PBXFileReference; lastKnownFileType = sourcecode.swift; path = "10162.전자레인지.swift"; sourceTree = "<group>"; };
		BD3DD44727004A9D007D9D94 /* 1439.뒤집기.swift */ = {isa = PBXFileReference; lastKnownFileType = sourcecode.swift; path = "1439.뒤집기.swift"; sourceTree = "<group>"; };
		BD3DD44927004ED4007D9D94 /* 2720.세탁소 사장 동혁.swift */ = {isa = PBXFileReference; lastKnownFileType = sourcecode.swift; path = "2720.세탁소 사장 동혁.swift"; sourceTree = "<group>"; };
		BD3DD44B27017B36007D9D94 /* 9237.이장님초대.swift */ = {isa = PBXFileReference; lastKnownFileType = sourcecode.swift; path = "9237.이장님초대.swift"; sourceTree = "<group>"; };
		BD4EBCB026C4A5EA006D32D8 /* 2021.08.12.swift */ = {isa = PBXFileReference; lastKnownFileType = sourcecode.swift; path = 2021.08.12.swift; sourceTree = "<group>"; };
		BD4EBCB226C61A63006D32D8 /* 2021.08.13.swift */ = {isa = PBXFileReference; lastKnownFileType = sourcecode.swift; path = 2021.08.13.swift; sourceTree = "<group>"; };
		BD5BDE8D273B94E7005D06E6 /* 위장.swift */ = {isa = PBXFileReference; lastKnownFileType = sourcecode.swift; path = "위장.swift"; sourceTree = "<group>"; };
		BD5BDE8F273BA4DA005D06E6 /* 기능개발.swift */ = {isa = PBXFileReference; lastKnownFileType = sourcecode.swift; path = "기능개발.swift"; sourceTree = "<group>"; };
		BD5BDE91273BB17E005D06E6 /* 9012.괄호.swift */ = {isa = PBXFileReference; lastKnownFileType = sourcecode.swift; path = "9012.괄호.swift"; sourceTree = "<group>"; };
		BD5BDE93273BBD70005D06E6 /* 1874.스택 수열.swift */ = {isa = PBXFileReference; lastKnownFileType = sourcecode.swift; path = "1874.스택 수열.swift"; sourceTree = "<group>"; };
		BD5BDE95273E5015005D06E6 /* 프린터.swift */ = {isa = PBXFileReference; lastKnownFileType = sourcecode.swift; path = "프린터.swift"; sourceTree = "<group>"; };
		BD5BDE97273FE684005D06E6 /* 다리를 지나는 트럭.swift */ = {isa = PBXFileReference; lastKnownFileType = sourcecode.swift; path = "다리를 지나는 트럭.swift"; sourceTree = "<group>"; };
		BD5BDE9927400BA5005D06E6 /* 1406. 에디터.swift */ = {isa = PBXFileReference; lastKnownFileType = sourcecode.swift; path = "1406. 에디터.swift"; sourceTree = "<group>"; };
		BD5E55C826DF48A70013659F /* 2021.09.01.swift */ = {isa = PBXFileReference; lastKnownFileType = sourcecode.swift; path = 2021.09.01.swift; sourceTree = "<group>"; };
		BD5E55CC26E0E8DF0013659F /* 2021.09.02.swift */ = {isa = PBXFileReference; lastKnownFileType = sourcecode.swift; path = 2021.09.02.swift; sourceTree = "<group>"; };
		BD64FBD227391C1F008233BD /* 9093.단어뒤집기.swift */ = {isa = PBXFileReference; lastKnownFileType = sourcecode.swift; path = "9093.단어뒤집기.swift"; sourceTree = "<group>"; };
		BD90E0D426C3FAA8004A5A8A /* 2021.08.10.swift */ = {isa = PBXFileReference; lastKnownFileType = sourcecode.swift; path = 2021.08.10.swift; sourceTree = "<group>"; };
		BD9213242738B5F1008A55CA /* 로또의 최고 순위와 최저 순위.swift */ = {isa = PBXFileReference; lastKnownFileType = sourcecode.swift; path = "로또의 최고 순위와 최저 순위.swift"; sourceTree = "<group>"; };
		BD92132627390897008A55CA /* 10828.스택.swift */ = {isa = PBXFileReference; lastKnownFileType = sourcecode.swift; path = "10828.스택.swift"; sourceTree = "<group>"; };
		BDC2EB6126DA2D5F00FE2B8B /* 2021.08.28.swift */ = {isa = PBXFileReference; lastKnownFileType = sourcecode.swift; path = 2021.08.28.swift; sourceTree = "<group>"; };
		BDC2EB6326DB570C00FE2B8B /* 2021.08.29.swift */ = {isa = PBXFileReference; lastKnownFileType = sourcecode.swift; path = 2021.08.29.swift; sourceTree = "<group>"; };
		BDDEB6EF26D3A4CC00257186 /* 2021.08.23.swift */ = {isa = PBXFileReference; lastKnownFileType = sourcecode.swift; path = 2021.08.23.swift; sourceTree = "<group>"; };
		BDDEB6F126D4C9C500257186 /* 2021.08.24.swift */ = {isa = PBXFileReference; lastKnownFileType = sourcecode.swift; path = 2021.08.24.swift; sourceTree = "<group>"; };
		BDDEB6F326D619C900257186 /* 2021.08.25.swift */ = {isa = PBXFileReference; lastKnownFileType = sourcecode.swift; path = 2021.08.25.swift; sourceTree = "<group>"; };
		BDE80C2226C28E89006ADCCB /* 2021.08.11.swift */ = {isa = PBXFileReference; lastKnownFileType = sourcecode.swift; path = 2021.08.11.swift; sourceTree = "<group>"; };
		BDF6D38F2727D711004D9DF7 /* 2021.10.26.swift */ = {isa = PBXFileReference; lastKnownFileType = sourcecode.swift; path = 2021.10.26.swift; sourceTree = "<group>"; };
		BDF7E7CF26D7663200484716 /* 2021.08.26.swift */ = {isa = PBXFileReference; lastKnownFileType = sourcecode.swift; path = 2021.08.26.swift; sourceTree = "<group>"; };
/* End PBXFileReference section */

/* Begin PBXFrameworksBuildPhase section */
		BD0A0C7426BA70C600F4EB64 /* Frameworks */ = {
			isa = PBXFrameworksBuildPhase;
			buildActionMask = 2147483647;
			files = (
			);
			runOnlyForDeploymentPostprocessing = 0;
		};
/* End PBXFrameworksBuildPhase section */

/* Begin PBXGroup section */
		BD0A0C6E26BA70C600F4EB64 = {
			isa = PBXGroup;
			children = (
				BD0A0C7926BA70C600F4EB64 /* Algorithm */,
				BD0A0C7826BA70C600F4EB64 /* Products */,
			);
			sourceTree = "<group>";
		};
		BD0A0C7826BA70C600F4EB64 /* Products */ = {
			isa = PBXGroup;
			children = (
				BD0A0C7726BA70C600F4EB64 /* Algorithm */,
			);
			name = Products;
			sourceTree = "<group>";
		};
		BD0A0C7926BA70C600F4EB64 /* Algorithm */ = {
			isa = PBXGroup;
			children = (
				BD9213232738B3CE008A55CA /* Programmers */,
				BD3DD43C26FF118F007D9D94 /* Baekjoon */,
				BD3DD43B26FF111F007D9D94 /* LeetCode */,
				BD0A0C7A26BA70C600F4EB64 /* main.swift */,
			);
			path = Algorithm;
			sourceTree = "<group>";
		};
		BD3DD43B26FF111F007D9D94 /* LeetCode */ = {
			isa = PBXGroup;
			children = (
				BD0A0C8126BA70F000F4EB64 /* 2021.07.19.swift */,
				BD0A0C8326BA710B00F4EB64 /* 2021.07.21.swift */,
				BD0A0C8526BA714300F4EB64 /* 2021.07.22.swift */,
				BD0A0C8726BA716000F4EB64 /* 2021.07.26.swift */,
				BD0A0C8926BA717400F4EB64 /* 2021.07.28.swift */,
				BD0A0C8B26BA717E00F4EB64 /* 2021.07.29.swift */,
				BD0A0C8D26BA718A00F4EB64 /* 2021.08.02.swift */,
				BD0A0C8F26BA743300F4EB64 /* 2021.08.04.swift */,
				BD0A0C9126BBA4F500F4EB64 /* 2021.08.05.swift */,
				BD23908926C02C30005508DA /* 2021.08.09.swift */,
				BD90E0D426C3FAA8004A5A8A /* 2021.08.10.swift */,
				BDE80C2226C28E89006ADCCB /* 2021.08.11.swift */,
				BD4EBCB026C4A5EA006D32D8 /* 2021.08.12.swift */,
				BD4EBCB226C61A63006D32D8 /* 2021.08.13.swift */,
				BD20DDA326CB85C6003C6CDE /* 2021.08.17.swift */,
				BD20DDA526CD207D003C6CDE /* 2021.08.18.swift */,
				BD20DDA726CE2985003C6CDE /* 2021.08.19.swift */,
				BDDEB6EF26D3A4CC00257186 /* 2021.08.23.swift */,
				BDDEB6F126D4C9C500257186 /* 2021.08.24.swift */,
				BDDEB6F326D619C900257186 /* 2021.08.25.swift */,
				BDF7E7CF26D7663200484716 /* 2021.08.26.swift */,
				BDC2EB6126DA2D5F00FE2B8B /* 2021.08.28.swift */,
				BDC2EB6326DB570C00FE2B8B /* 2021.08.29.swift */,
				BD5E55C826DF48A70013659F /* 2021.09.01.swift */,
				BD5E55CC26E0E8DF0013659F /* 2021.09.02.swift */,
				BDF6D38F2727D711004D9DF7 /* 2021.10.26.swift */,
			);
			path = LeetCode;
			sourceTree = "<group>";
		};
		BD3DD43C26FF118F007D9D94 /* Baekjoon */ = {
			isa = PBXGroup;
			children = (
				BD3DD43D26FF1208007D9D94 /* 2839.설탕 배달.swift */,
				BD3DD43F26FF2B59007D9D94 /* 11399.ATM.swift */,
				BD3DD44126FF302D007D9D94 /* 11047.동전 0.swift */,
				BD3DD443270043A0007D9D94 /* 5585.거스름돈.swift */,
				BD3DD44527004531007D9D94 /* 10162.전자레인지.swift */,
				BD3DD44727004A9D007D9D94 /* 1439.뒤집기.swift */,
				BD3DD44927004ED4007D9D94 /* 2720.세탁소 사장 동혁.swift */,
				BD3DD44B27017B36007D9D94 /* 9237.이장님초대.swift */,
				BD92132627390897008A55CA /* 10828.스택.swift */,
				BD64FBD227391C1F008233BD /* 9093.단어뒤집기.swift */,
				BD5BDE91273BB17E005D06E6 /* 9012.괄호.swift */,
				BD5BDE93273BBD70005D06E6 /* 1874.스택 수열.swift */,
				BD5BDE9927400BA5005D06E6 /* 1406. 에디터.swift */,
			);
			path = Baekjoon;
			sourceTree = "<group>";
		};
		BD9213232738B3CE008A55CA /* Programmers */ = {
			isa = PBXGroup;
			children = (
				BD9213242738B5F1008A55CA /* 로또의 최고 순위와 최저 순위.swift */,
				BD5BDE8D273B94E7005D06E6 /* 위장.swift */,
				BD5BDE8F273BA4DA005D06E6 /* 기능개발.swift */,
				BD5BDE95273E5015005D06E6 /* 프린터.swift */,
				BD5BDE97273FE684005D06E6 /* 다리를 지나는 트럭.swift */,
			);
			path = Programmers;
			sourceTree = "<group>";
		};
/* End PBXGroup section */

/* Begin PBXNativeTarget section */
		BD0A0C7626BA70C600F4EB64 /* Algorithm */ = {
			isa = PBXNativeTarget;
			buildConfigurationList = BD0A0C7E26BA70C600F4EB64 /* Build configuration list for PBXNativeTarget "Algorithm" */;
			buildPhases = (
				BD0A0C7326BA70C600F4EB64 /* Sources */,
				BD0A0C7426BA70C600F4EB64 /* Frameworks */,
				BD0A0C7526BA70C600F4EB64 /* CopyFiles */,
			);
			buildRules = (
			);
			dependencies = (
			);
			name = Algorithm;
			productName = Algorithm;
			productReference = BD0A0C7726BA70C600F4EB64 /* Algorithm */;
			productType = "com.apple.product-type.tool";
		};
/* End PBXNativeTarget section */

/* Begin PBXProject section */
		BD0A0C6F26BA70C600F4EB64 /* Project object */ = {
			isa = PBXProject;
			attributes = {
				LastSwiftUpdateCheck = 1250;
				LastUpgradeCheck = 1250;
				TargetAttributes = {
					BD0A0C7626BA70C600F4EB64 = {
						CreatedOnToolsVersion = 12.5.1;
					};
				};
			};
			buildConfigurationList = BD0A0C7226BA70C600F4EB64 /* Build configuration list for PBXProject "Algorithm" */;
			compatibilityVersion = "Xcode 9.3";
			developmentRegion = en;
			hasScannedForEncodings = 0;
			knownRegions = (
				en,
				Base,
			);
			mainGroup = BD0A0C6E26BA70C600F4EB64;
			productRefGroup = BD0A0C7826BA70C600F4EB64 /* Products */;
			projectDirPath = "";
			projectRoot = "";
			targets = (
				BD0A0C7626BA70C600F4EB64 /* Algorithm */,
			);
		};
/* End PBXProject section */

/* Begin PBXSourcesBuildPhase section */
		BD0A0C7326BA70C600F4EB64 /* Sources */ = {
			isa = PBXSourcesBuildPhase;
			buildActionMask = 2147483647;
			files = (
				BD0A0C8826BA716000F4EB64 /* 2021.07.26.swift in Sources */,
				BD3DD44026FF2B59007D9D94 /* 11399.ATM.swift in Sources */,
				BD5BDE90273BA4DA005D06E6 /* 기능개발.swift in Sources */,
				BD4EBCB126C4A5EA006D32D8 /* 2021.08.12.swift in Sources */,
				BD3DD44A27004ED4007D9D94 /* 2720.세탁소 사장 동혁.swift in Sources */,
				BDC2EB6226DA2D5F00FE2B8B /* 2021.08.28.swift in Sources */,
				BDDEB6F026D3A4CC00257186 /* 2021.08.23.swift in Sources */,
				BD23908A26C02C30005508DA /* 2021.08.09.swift in Sources */,
				BD0A0C8C26BA717E00F4EB64 /* 2021.07.29.swift in Sources */,
				BD9213252738B5F1008A55CA /* 로또의 최고 순위와 최저 순위.swift in Sources */,
				BD0A0C8426BA710B00F4EB64 /* 2021.07.21.swift in Sources */,
				BD0A0C7B26BA70C600F4EB64 /* main.swift in Sources */,
				BD90E0D526C3FAA8004A5A8A /* 2021.08.10.swift in Sources */,
				BDF7E7D026D7663200484716 /* 2021.08.26.swift in Sources */,
				BD0A0C8A26BA717400F4EB64 /* 2021.07.28.swift in Sources */,
				BD5BDE96273E5015005D06E6 /* 프린터.swift in Sources */,
				BD0A0C8226BA70F000F4EB64 /* 2021.07.19.swift in Sources */,
				BD5E55C926DF48A70013659F /* 2021.09.01.swift in Sources */,
				BD3DD44827004A9D007D9D94 /* 1439.뒤집기.swift in Sources */,
				BD5BDE8E273B94E7005D06E6 /* 위장.swift in Sources */,
				BD3DD44C27017B36007D9D94 /* 9237.이장님초대.swift in Sources */,
				BD3DD444270043A0007D9D94 /* 5585.거스름돈.swift in Sources */,
				BD5BDE9A27400BA5005D06E6 /* 1406. 에디터.swift in Sources */,
				BD5E55CD26E0E8DF0013659F /* 2021.09.02.swift in Sources */,
				BD0A0C8E26BA718A00F4EB64 /* 2021.08.02.swift in Sources */,
				BD5BDE98273FE684005D06E6 /* 다리를 지나는 트럭.swift in Sources */,
				BD0A0C9226BBA4F500F4EB64 /* 2021.08.05.swift in Sources */,
				BD0A0C8626BA714300F4EB64 /* 2021.07.22.swift in Sources */,
				BDC2EB6426DB570C00FE2B8B /* 2021.08.29.swift in Sources */,
				BD3DD44226FF302D007D9D94 /* 11047.동전 0.swift in Sources */,
				BD20DDA626CD207D003C6CDE /* 2021.08.18.swift in Sources */,
				BD64FBD327391C1F008233BD /* 9093.단어뒤집기.swift in Sources */,
				BDDEB6F226D4C9C500257186 /* 2021.08.24.swift in Sources */,
				BD92132727390897008A55CA /* 10828.스택.swift in Sources */,
				BD5BDE92273BB17E005D06E6 /* 9012.괄호.swift in Sources */,
				BD3DD43E26FF1208007D9D94 /* 2839.설탕 배달.swift in Sources */,
				BD20DDA426CB85C6003C6CDE /* 2021.08.17.swift in Sources */,
				BDE80C2326C28E89006ADCCB /* 2021.08.11.swift in Sources */,
				BD5BDE94273BBD70005D06E6 /* 1874.스택 수열.swift in Sources */,
				BD4EBCB326C61A63006D32D8 /* 2021.08.13.swift in Sources */,
				BDF6D3902727D711004D9DF7 /* 2021.10.26.swift in Sources */,
				BDDEB6F426D619C900257186 /* 2021.08.25.swift in Sources */,
				BD3DD44627004531007D9D94 /* 10162.전자레인지.swift in Sources */,
				BD20DDA826CE2985003C6CDE /* 2021.08.19.swift in Sources */,
				BD0A0C9026BA743300F4EB64 /* 2021.08.04.swift in Sources */,
			);
			runOnlyForDeploymentPostprocessing = 0;
		};
/* End PBXSourcesBuildPhase section */

/* Begin XCBuildConfiguration section */
		BD0A0C7C26BA70C600F4EB64 /* Debug */ = {
			isa = XCBuildConfiguration;
			buildSettings = {
				ALWAYS_SEARCH_USER_PATHS = NO;
				CLANG_ANALYZER_NONNULL = YES;
				CLANG_ANALYZER_NUMBER_OBJECT_CONVERSION = YES_AGGRESSIVE;
				CLANG_CXX_LANGUAGE_STANDARD = "gnu++14";
				CLANG_CXX_LIBRARY = "libc++";
				CLANG_ENABLE_MODULES = YES;
				CLANG_ENABLE_OBJC_ARC = YES;
				CLANG_ENABLE_OBJC_WEAK = YES;
				CLANG_WARN_BLOCK_CAPTURE_AUTORELEASING = YES;
				CLANG_WARN_BOOL_CONVERSION = YES;
				CLANG_WARN_COMMA = YES;
				CLANG_WARN_CONSTANT_CONVERSION = YES;
				CLANG_WARN_DEPRECATED_OBJC_IMPLEMENTATIONS = YES;
				CLANG_WARN_DIRECT_OBJC_ISA_USAGE = YES_ERROR;
				CLANG_WARN_DOCUMENTATION_COMMENTS = YES;
				CLANG_WARN_EMPTY_BODY = YES;
				CLANG_WARN_ENUM_CONVERSION = YES;
				CLANG_WARN_INFINITE_RECURSION = YES;
				CLANG_WARN_INT_CONVERSION = YES;
				CLANG_WARN_NON_LITERAL_NULL_CONVERSION = YES;
				CLANG_WARN_OBJC_IMPLICIT_RETAIN_SELF = YES;
				CLANG_WARN_OBJC_LITERAL_CONVERSION = YES;
				CLANG_WARN_OBJC_ROOT_CLASS = YES_ERROR;
				CLANG_WARN_QUOTED_INCLUDE_IN_FRAMEWORK_HEADER = YES;
				CLANG_WARN_RANGE_LOOP_ANALYSIS = YES;
				CLANG_WARN_STRICT_PROTOTYPES = YES;
				CLANG_WARN_SUSPICIOUS_MOVE = YES;
				CLANG_WARN_UNGUARDED_AVAILABILITY = YES_AGGRESSIVE;
				CLANG_WARN_UNREACHABLE_CODE = YES;
				CLANG_WARN__DUPLICATE_METHOD_MATCH = YES;
				COPY_PHASE_STRIP = NO;
				DEBUG_INFORMATION_FORMAT = dwarf;
				ENABLE_STRICT_OBJC_MSGSEND = YES;
				ENABLE_TESTABILITY = YES;
				GCC_C_LANGUAGE_STANDARD = gnu11;
				GCC_DYNAMIC_NO_PIC = NO;
				GCC_NO_COMMON_BLOCKS = YES;
				GCC_OPTIMIZATION_LEVEL = 0;
				GCC_PREPROCESSOR_DEFINITIONS = (
					"DEBUG=1",
					"$(inherited)",
				);
				GCC_WARN_64_TO_32_BIT_CONVERSION = YES;
				GCC_WARN_ABOUT_RETURN_TYPE = YES_ERROR;
				GCC_WARN_UNDECLARED_SELECTOR = YES;
				GCC_WARN_UNINITIALIZED_AUTOS = YES_AGGRESSIVE;
				GCC_WARN_UNUSED_FUNCTION = YES;
				GCC_WARN_UNUSED_VARIABLE = YES;
				MACOSX_DEPLOYMENT_TARGET = 11.3;
				MTL_ENABLE_DEBUG_INFO = INCLUDE_SOURCE;
				MTL_FAST_MATH = YES;
				ONLY_ACTIVE_ARCH = YES;
				SDKROOT = macosx;
				SWIFT_ACTIVE_COMPILATION_CONDITIONS = DEBUG;
				SWIFT_OPTIMIZATION_LEVEL = "-Onone";
			};
			name = Debug;
		};
		BD0A0C7D26BA70C600F4EB64 /* Release */ = {
			isa = XCBuildConfiguration;
			buildSettings = {
				ALWAYS_SEARCH_USER_PATHS = NO;
				CLANG_ANALYZER_NONNULL = YES;
				CLANG_ANALYZER_NUMBER_OBJECT_CONVERSION = YES_AGGRESSIVE;
				CLANG_CXX_LANGUAGE_STANDARD = "gnu++14";
				CLANG_CXX_LIBRARY = "libc++";
				CLANG_ENABLE_MODULES = YES;
				CLANG_ENABLE_OBJC_ARC = YES;
				CLANG_ENABLE_OBJC_WEAK = YES;
				CLANG_WARN_BLOCK_CAPTURE_AUTORELEASING = YES;
				CLANG_WARN_BOOL_CONVERSION = YES;
				CLANG_WARN_COMMA = YES;
				CLANG_WARN_CONSTANT_CONVERSION = YES;
				CLANG_WARN_DEPRECATED_OBJC_IMPLEMENTATIONS = YES;
				CLANG_WARN_DIRECT_OBJC_ISA_USAGE = YES_ERROR;
				CLANG_WARN_DOCUMENTATION_COMMENTS = YES;
				CLANG_WARN_EMPTY_BODY = YES;
				CLANG_WARN_ENUM_CONVERSION = YES;
				CLANG_WARN_INFINITE_RECURSION = YES;
				CLANG_WARN_INT_CONVERSION = YES;
				CLANG_WARN_NON_LITERAL_NULL_CONVERSION = YES;
				CLANG_WARN_OBJC_IMPLICIT_RETAIN_SELF = YES;
				CLANG_WARN_OBJC_LITERAL_CONVERSION = YES;
				CLANG_WARN_OBJC_ROOT_CLASS = YES_ERROR;
				CLANG_WARN_QUOTED_INCLUDE_IN_FRAMEWORK_HEADER = YES;
				CLANG_WARN_RANGE_LOOP_ANALYSIS = YES;
				CLANG_WARN_STRICT_PROTOTYPES = YES;
				CLANG_WARN_SUSPICIOUS_MOVE = YES;
				CLANG_WARN_UNGUARDED_AVAILABILITY = YES_AGGRESSIVE;
				CLANG_WARN_UNREACHABLE_CODE = YES;
				CLANG_WARN__DUPLICATE_METHOD_MATCH = YES;
				COPY_PHASE_STRIP = NO;
				DEBUG_INFORMATION_FORMAT = "dwarf-with-dsym";
				ENABLE_NS_ASSERTIONS = NO;
				ENABLE_STRICT_OBJC_MSGSEND = YES;
				GCC_C_LANGUAGE_STANDARD = gnu11;
				GCC_NO_COMMON_BLOCKS = YES;
				GCC_WARN_64_TO_32_BIT_CONVERSION = YES;
				GCC_WARN_ABOUT_RETURN_TYPE = YES_ERROR;
				GCC_WARN_UNDECLARED_SELECTOR = YES;
				GCC_WARN_UNINITIALIZED_AUTOS = YES_AGGRESSIVE;
				GCC_WARN_UNUSED_FUNCTION = YES;
				GCC_WARN_UNUSED_VARIABLE = YES;
				MACOSX_DEPLOYMENT_TARGET = 11.3;
				MTL_ENABLE_DEBUG_INFO = NO;
				MTL_FAST_MATH = YES;
				SDKROOT = macosx;
				SWIFT_COMPILATION_MODE = wholemodule;
				SWIFT_OPTIMIZATION_LEVEL = "-O";
			};
			name = Release;
		};
		BD0A0C7F26BA70C600F4EB64 /* Debug */ = {
			isa = XCBuildConfiguration;
			buildSettings = {
				CODE_SIGN_IDENTITY = "Apple Development";
				CODE_SIGN_STYLE = Automatic;
				DEVELOPMENT_TEAM = 8KRV7X8GQ6;
				ENABLE_HARDENED_RUNTIME = YES;
				PRODUCT_NAME = "$(TARGET_NAME)";
				SWIFT_VERSION = 5.0;
			};
			name = Debug;
		};
		BD0A0C8026BA70C600F4EB64 /* Release */ = {
			isa = XCBuildConfiguration;
			buildSettings = {
				CODE_SIGN_IDENTITY = "Apple Development";
				CODE_SIGN_STYLE = Automatic;
				DEVELOPMENT_TEAM = 8KRV7X8GQ6;
				ENABLE_HARDENED_RUNTIME = YES;
				PRODUCT_NAME = "$(TARGET_NAME)";
				SWIFT_VERSION = 5.0;
			};
			name = Release;
		};
/* End XCBuildConfiguration section */

/* Begin XCConfigurationList section */
		BD0A0C7226BA70C600F4EB64 /* Build configuration list for PBXProject "Algorithm" */ = {
			isa = XCConfigurationList;
			buildConfigurations = (
				BD0A0C7C26BA70C600F4EB64 /* Debug */,
				BD0A0C7D26BA70C600F4EB64 /* Release */,
			);
			defaultConfigurationIsVisible = 0;
			defaultConfigurationName = Release;
		};
		BD0A0C7E26BA70C600F4EB64 /* Build configuration list for PBXNativeTarget "Algorithm" */ = {
			isa = XCConfigurationList;
			buildConfigurations = (
				BD0A0C7F26BA70C600F4EB64 /* Debug */,
				BD0A0C8026BA70C600F4EB64 /* Release */,
			);
			defaultConfigurationIsVisible = 0;
			defaultConfigurationName = Release;
		};
/* End XCConfigurationList section */
	};
	rootObject = BD0A0C6F26BA70C600F4EB64 /* Project object */;
}
